// !$*UTF8*$!
{
	archiveVersion = 1;
	classes = {
	};
	objectVersion = 50;
	objects = {

/* Begin PBXBuildFile section */
		4B6A7D7F757A53DF63FDA61B /* Pods_Smack.framework in Frameworks */ = {isa = PBXBuildFile; fileRef = 41622F52D5E8DA4A7AF58AF1 /* Pods_Smack.framework */; };
		5ED21FE9216EF26E00BA439D /* AppDelegate.swift in Sources */ = {isa = PBXBuildFile; fileRef = 5ED21FE8216EF26E00BA439D /* AppDelegate.swift */; };
		5ED21FEE216EF26E00BA439D /* Main.storyboard in Resources */ = {isa = PBXBuildFile; fileRef = 5ED21FEC216EF26E00BA439D /* Main.storyboard */; };
		5ED21FF0216EF26F00BA439D /* Assets.xcassets in Resources */ = {isa = PBXBuildFile; fileRef = 5ED21FEF216EF26F00BA439D /* Assets.xcassets */; };
		5ED21FF3216EF26F00BA439D /* LaunchScreen.storyboard in Resources */ = {isa = PBXBuildFile; fileRef = 5ED21FF1216EF26F00BA439D /* LaunchScreen.storyboard */; };
		5ED21FFE216EF38100BA439D /* SWRevealViewController.m in Sources */ = {isa = PBXBuildFile; fileRef = 5ED21FFC216EF38100BA439D /* SWRevealViewController.m */; };
		5ED22003216EF7CA00BA439D /* ChatVC.swift in Sources */ = {isa = PBXBuildFile; fileRef = 5ED22002216EF7CA00BA439D /* ChatVC.swift */; };
		5ED22005216EF7DE00BA439D /* ChannelVC.swift in Sources */ = {isa = PBXBuildFile; fileRef = 5ED22004216EF7DE00BA439D /* ChannelVC.swift */; };
		5ED22007216EFD0600BA439D /* GradientView.swift in Sources */ = {isa = PBXBuildFile; fileRef = 5ED22006216EFD0600BA439D /* GradientView.swift */; };
		5ED2200A216F065C00BA439D /* Constants.swift in Sources */ = {isa = PBXBuildFile; fileRef = 5ED22009216F065C00BA439D /* Constants.swift */; };
		5ED2200C216F0AFA00BA439D /* LoginVC.swift in Sources */ = {isa = PBXBuildFile; fileRef = 5ED2200B216F0AFA00BA439D /* LoginVC.swift */; };
/* End PBXBuildFile section */

/* Begin PBXFileReference section */
		41622F52D5E8DA4A7AF58AF1 /* Pods_Smack.framework */ = {isa = PBXFileReference; explicitFileType = wrapper.framework; includeInIndex = 0; path = Pods_Smack.framework; sourceTree = BUILT_PRODUCTS_DIR; };
		5ED21FE5216EF26E00BA439D /* Smack.app */ = {isa = PBXFileReference; explicitFileType = wrapper.application; includeInIndex = 0; path = Smack.app; sourceTree = BUILT_PRODUCTS_DIR; };
		5ED21FE8216EF26E00BA439D /* AppDelegate.swift */ = {isa = PBXFileReference; lastKnownFileType = sourcecode.swift; path = AppDelegate.swift; sourceTree = "<group>"; };
		5ED21FED216EF26E00BA439D /* Base */ = {isa = PBXFileReference; lastKnownFileType = file.storyboard; name = Base; path = Base.lproj/Main.storyboard; sourceTree = "<group>"; };
		5ED21FEF216EF26F00BA439D /* Assets.xcassets */ = {isa = PBXFileReference; lastKnownFileType = folder.assetcatalog; path = Assets.xcassets; sourceTree = "<group>"; };
		5ED21FF2216EF26F00BA439D /* Base */ = {isa = PBXFileReference; lastKnownFileType = file.storyboard; name = Base; path = Base.lproj/LaunchScreen.storyboard; sourceTree = "<group>"; };
		5ED21FF4216EF26F00BA439D /* Info.plist */ = {isa = PBXFileReference; lastKnownFileType = text.plist.xml; path = Info.plist; sourceTree = "<group>"; };
		5ED21FFB216EF38000BA439D /* Smack-Bridging-Header.h */ = {isa = PBXFileReference; lastKnownFileType = sourcecode.c.h; path = "Smack-Bridging-Header.h"; sourceTree = "<group>"; };
		5ED21FFC216EF38100BA439D /* SWRevealViewController.m */ = {isa = PBXFileReference; fileEncoding = 4; lastKnownFileType = sourcecode.c.objc; path = SWRevealViewController.m; sourceTree = "<group>"; };
		5ED21FFD216EF38100BA439D /* SWRevealViewController.h */ = {isa = PBXFileReference; fileEncoding = 4; lastKnownFileType = sourcecode.c.h; path = SWRevealViewController.h; sourceTree = "<group>"; };
		5ED22002216EF7CA00BA439D /* ChatVC.swift */ = {isa = PBXFileReference; lastKnownFileType = sourcecode.swift; path = ChatVC.swift; sourceTree = "<group>"; };
		5ED22004216EF7DE00BA439D /* ChannelVC.swift */ = {isa = PBXFileReference; lastKnownFileType = sourcecode.swift; path = ChannelVC.swift; sourceTree = "<group>"; };
		5ED22006216EFD0600BA439D /* GradientView.swift */ = {isa = PBXFileReference; lastKnownFileType = sourcecode.swift; path = GradientView.swift; sourceTree = "<group>"; };
		5ED22009216F065C00BA439D /* Constants.swift */ = {isa = PBXFileReference; lastKnownFileType = sourcecode.swift; path = Constants.swift; sourceTree = "<group>"; };
		5ED2200B216F0AFA00BA439D /* LoginVC.swift */ = {isa = PBXFileReference; lastKnownFileType = sourcecode.swift; path = LoginVC.swift; sourceTree = "<group>"; };
		A83F52BDF9D5FC1937D11158 /* Pods-Smack.debug.xcconfig */ = {isa = PBXFileReference; includeInIndex = 1; lastKnownFileType = text.xcconfig; name = "Pods-Smack.debug.xcconfig"; path = "Pods/Target Support Files/Pods-Smack/Pods-Smack.debug.xcconfig"; sourceTree = "<group>"; };
		B5C741392D92E553EE5DC96C /* Pods-Smack.release.xcconfig */ = {isa = PBXFileReference; includeInIndex = 1; lastKnownFileType = text.xcconfig; name = "Pods-Smack.release.xcconfig"; path = "Pods/Target Support Files/Pods-Smack/Pods-Smack.release.xcconfig"; sourceTree = "<group>"; };
/* End PBXFileReference section */

/* Begin PBXFrameworksBuildPhase section */
		5ED21FE2216EF26E00BA439D /* Frameworks */ = {
			isa = PBXFrameworksBuildPhase;
			buildActionMask = 2147483647;
			files = (
				4B6A7D7F757A53DF63FDA61B /* Pods_Smack.framework in Frameworks */,
			);
			runOnlyForDeploymentPostprocessing = 0;
		};
/* End PBXFrameworksBuildPhase section */

/* Begin PBXGroup section */
		134AD01355E3273C833BC450 /* Pods */ = {
			isa = PBXGroup;
			children = (
				A83F52BDF9D5FC1937D11158 /* Pods-Smack.debug.xcconfig */,
				B5C741392D92E553EE5DC96C /* Pods-Smack.release.xcconfig */,
			);
			name = Pods;
			sourceTree = "<group>";
		};
		5ED21FDC216EF26E00BA439D = {
			isa = PBXGroup;
			children = (
				5ED21FE7216EF26E00BA439D /* Smack */,
				5ED21FE6216EF26E00BA439D /* Products */,
				134AD01355E3273C833BC450 /* Pods */,
				E1366D4CB901A89A26FAE1F7 /* Frameworks */,
			);
			sourceTree = "<group>";
		};
		5ED21FE6216EF26E00BA439D /* Products */ = {
			isa = PBXGroup;
			children = (
				5ED21FE5216EF26E00BA439D /* Smack.app */,
			);
			name = Products;
			sourceTree = "<group>";
		};
		5ED21FE7216EF26E00BA439D /* Smack */ = {
			isa = PBXGroup;
			children = (
				5ED22008216F064C00BA439D /* Utilities */,
				5ED22001216EF7A900BA439D /* Model */,
				5ED22000216EF7A300BA439D /* View */,
				5ED21FFF216EF79500BA439D /* Controller */,
				5ED21FFA216EF33400BA439D /* Supporting Files */,
				5ED21FE8216EF26E00BA439D /* AppDelegate.swift */,
				5ED21FEC216EF26E00BA439D /* Main.storyboard */,
				5ED21FEF216EF26F00BA439D /* Assets.xcassets */,
				5ED21FF1216EF26F00BA439D /* LaunchScreen.storyboard */,
				5ED21FF4216EF26F00BA439D /* Info.plist */,
			);
			path = Smack;
			sourceTree = "<group>";
		};
		5ED21FFA216EF33400BA439D /* Supporting Files */ = {
			isa = PBXGroup;
			children = (
				5ED21FFD216EF38100BA439D /* SWRevealViewController.h */,
				5ED21FFC216EF38100BA439D /* SWRevealViewController.m */,
				5ED21FFB216EF38000BA439D /* Smack-Bridging-Header.h */,
			);
			path = "Supporting Files";
			sourceTree = "<group>";
		};
		5ED21FFF216EF79500BA439D /* Controller */ = {
			isa = PBXGroup;
			children = (
				5ED22002216EF7CA00BA439D /* ChatVC.swift */,
				5ED22004216EF7DE00BA439D /* ChannelVC.swift */,
				5ED2200B216F0AFA00BA439D /* LoginVC.swift */,
			);
			path = Controller;
			sourceTree = "<group>";
		};
		5ED22000216EF7A300BA439D /* View */ = {
			isa = PBXGroup;
			children = (
				5ED22006216EFD0600BA439D /* GradientView.swift */,
			);
			path = View;
			sourceTree = "<group>";
		};
		5ED22001216EF7A900BA439D /* Model */ = {
			isa = PBXGroup;
			children = (
			);
			path = Model;
			sourceTree = "<group>";
		};
		5ED22008216F064C00BA439D /* Utilities */ = {
			isa = PBXGroup;
			children = (
				5ED22009216F065C00BA439D /* Constants.swift */,
			);
			path = Utilities;
			sourceTree = "<group>";
		};
		E1366D4CB901A89A26FAE1F7 /* Frameworks */ = {
			isa = PBXGroup;
			children = (
				41622F52D5E8DA4A7AF58AF1 /* Pods_Smack.framework */,
			);
			name = Frameworks;
			sourceTree = "<group>";
		};
/* End PBXGroup section */

/* Begin PBXNativeTarget section */
		5ED21FE4216EF26E00BA439D /* Smack */ = {
			isa = PBXNativeTarget;
			buildConfigurationList = 5ED21FF7216EF26F00BA439D /* Build configuration list for PBXNativeTarget "Smack" */;
			buildPhases = (
				7DC35AA689948CCA8A900EF0 /* [CP] Check Pods Manifest.lock */,
				5ED21FE1216EF26E00BA439D /* Sources */,
				5ED21FE2216EF26E00BA439D /* Frameworks */,
				5ED21FE3216EF26E00BA439D /* Resources */,
				0231F0AB0992B1F75FC848A9 /* [CP] Embed Pods Frameworks */,
			);
			buildRules = (
			);
			dependencies = (
			);
			name = Smack;
			productName = Smack;
			productReference = 5ED21FE5216EF26E00BA439D /* Smack.app */;
			productType = "com.apple.product-type.application";
		};
/* End PBXNativeTarget section */

/* Begin PBXProject section */
		5ED21FDD216EF26E00BA439D /* Project object */ = {
			isa = PBXProject;
			attributes = {
				LastSwiftUpdateCheck = 1000;
				LastUpgradeCheck = 1000;
				ORGANIZATIONNAME = "Zach Cervi";
				TargetAttributes = {
					5ED21FE4216EF26E00BA439D = {
						CreatedOnToolsVersion = 10.0;
						LastSwiftMigration = 1000;
					};
				};
			};
			buildConfigurationList = 5ED21FE0216EF26E00BA439D /* Build configuration list for PBXProject "Smack" */;
			compatibilityVersion = "Xcode 9.3";
			developmentRegion = en;
			hasScannedForEncodings = 0;
			knownRegions = (
				en,
				Base,
			);
			mainGroup = 5ED21FDC216EF26E00BA439D;
			productRefGroup = 5ED21FE6216EF26E00BA439D /* Products */;
			projectDirPath = "";
			projectRoot = "";
			targets = (
				5ED21FE4216EF26E00BA439D /* Smack */,
			);
		};
/* End PBXProject section */

/* Begin PBXResourcesBuildPhase section */
		5ED21FE3216EF26E00BA439D /* Resources */ = {
			isa = PBXResourcesBuildPhase;
			buildActionMask = 2147483647;
			files = (
				5ED21FF3216EF26F00BA439D /* LaunchScreen.storyboard in Resources */,
				5ED21FF0216EF26F00BA439D /* Assets.xcassets in Resources */,
				5ED21FEE216EF26E00BA439D /* Main.storyboard in Resources */,
			);
			runOnlyForDeploymentPostprocessing = 0;
		};
/* End PBXResourcesBuildPhase section */

/* Begin PBXShellScriptBuildPhase section */
		0231F0AB0992B1F75FC848A9 /* [CP] Embed Pods Frameworks */ = {
			isa = PBXShellScriptBuildPhase;
			buildActionMask = 2147483647;
			files = (
			);
			inputPaths = (
				"${SRCROOT}/Pods/Target Support Files/Pods-Smack/Pods-Smack-frameworks.sh",
				"${BUILT_PRODUCTS_DIR}/Alamofire/Alamofire.framework",
				"${BUILT_PRODUCTS_DIR}/Socket.IO-Client-Swift/SocketIO.framework",
				"${BUILT_PRODUCTS_DIR}/Starscream/Starscream.framework",
				"${BUILT_PRODUCTS_DIR}/SwiftyJSON/SwiftyJSON.framework",
			);
			name = "[CP] Embed Pods Frameworks";
			outputPaths = (
				"${TARGET_BUILD_DIR}/${FRAMEWORKS_FOLDER_PATH}/Alamofire.framework",
				"${TARGET_BUILD_DIR}/${FRAMEWORKS_FOLDER_PATH}/SocketIO.framework",
				"${TARGET_BUILD_DIR}/${FRAMEWORKS_FOLDER_PATH}/Starscream.framework",
				"${TARGET_BUILD_DIR}/${FRAMEWORKS_FOLDER_PATH}/SwiftyJSON.framework",
			);
			runOnlyForDeploymentPostprocessing = 0;
			shellPath = /bin/sh;
			shellScript = "\"${SRCROOT}/Pods/Target Support Files/Pods-Smack/Pods-Smack-frameworks.sh\"\n";
			showEnvVarsInLog = 0;
		};
		7DC35AA689948CCA8A900EF0 /* [CP] Check Pods Manifest.lock */ = {
			isa = PBXShellScriptBuildPhase;
			buildActionMask = 2147483647;
			files = (
			);
			inputPaths = (
				"${PODS_PODFILE_DIR_PATH}/Podfile.lock",
				"${PODS_ROOT}/Manifest.lock",
			);
			name = "[CP] Check Pods Manifest.lock";
			outputPaths = (
				"$(DERIVED_FILE_DIR)/Pods-Smack-checkManifestLockResult.txt",
			);
			runOnlyForDeploymentPostprocessing = 0;
			shellPath = /bin/sh;
			shellScript = "diff \"${PODS_PODFILE_DIR_PATH}/Podfile.lock\" \"${PODS_ROOT}/Manifest.lock\" > /dev/null\nif [ $? != 0 ] ; then\n    # print error to STDERR\n    echo \"error: The sandbox is not in sync with the Podfile.lock. Run 'pod install' or update your CocoaPods installation.\" >&2\n    exit 1\nfi\n# This output is used by Xcode 'outputs' to avoid re-running this script phase.\necho \"SUCCESS\" > \"${SCRIPT_OUTPUT_FILE_0}\"\n";
			showEnvVarsInLog = 0;
		};
/* End PBXShellScriptBuildPhase section */

/* Begin PBXSourcesBuildPhase section */
		5ED21FE1216EF26E00BA439D /* Sources */ = {
			isa = PBXSourcesBuildPhase;
			buildActionMask = 2147483647;
			files = (
				5ED22005216EF7DE00BA439D /* ChannelVC.swift in Sources */,
				5ED22003216EF7CA00BA439D /* ChatVC.swift in Sources */,
				5ED2200C216F0AFA00BA439D /* LoginVC.swift in Sources */,
				5ED22007216EFD0600BA439D /* GradientView.swift in Sources */,
				5ED21FE9216EF26E00BA439D /* AppDelegate.swift in Sources */,
				5ED21FFE216EF38100BA439D /* SWRevealViewController.m in Sources */,
				5ED2200A216F065C00BA439D /* Constants.swift in Sources */,
			);
			runOnlyForDeploymentPostprocessing = 0;
		};
/* End PBXSourcesBuildPhase section */

/* Begin PBXVariantGroup section */
		5ED21FEC216EF26E00BA439D /* Main.storyboard */ = {
			isa = PBXVariantGroup;
			children = (
				5ED21FED216EF26E00BA439D /* Base */,
			);
			name = Main.storyboard;
			sourceTree = "<group>";
		};
		5ED21FF1216EF26F00BA439D /* LaunchScreen.storyboard */ = {
			isa = PBXVariantGroup;
			children = (
				5ED21FF2216EF26F00BA439D /* Base */,
			);
			name = LaunchScreen.storyboard;
			sourceTree = "<group>";
		};
/* End PBXVariantGroup section */

/* Begin XCBuildConfiguration section */
		5ED21FF5216EF26F00BA439D /* Debug */ = {
			isa = XCBuildConfiguration;
			buildSettings = {
				ALWAYS_SEARCH_USER_PATHS = NO;
				CLANG_ANALYZER_NONNULL = YES;
				CLANG_ANALYZER_NUMBER_OBJECT_CONVERSION = YES_AGGRESSIVE;
				CLANG_CXX_LANGUAGE_STANDARD = "gnu++14";
				CLANG_CXX_LIBRARY = "libc++";
				CLANG_ENABLE_MODULES = YES;
				CLANG_ENABLE_OBJC_ARC = YES;
				CLANG_ENABLE_OBJC_WEAK = YES;
				CLANG_WARN_BLOCK_CAPTURE_AUTORELEASING = YES;
				CLANG_WARN_BOOL_CONVERSION = YES;
				CLANG_WARN_COMMA = YES;
				CLANG_WARN_CONSTANT_CONVERSION = YES;
				CLANG_WARN_DEPRECATED_OBJC_IMPLEMENTATIONS = YES;
				CLANG_WARN_DIRECT_OBJC_ISA_USAGE = YES_ERROR;
				CLANG_WARN_DOCUMENTATION_COMMENTS = YES;
				CLANG_WARN_EMPTY_BODY = YES;
				CLANG_WARN_ENUM_CONVERSION = YES;
				CLANG_WARN_INFINITE_RECURSION = YES;
				CLANG_WARN_INT_CONVERSION = YES;
				CLANG_WARN_NON_LITERAL_NULL_CONVERSION = YES;
				CLANG_WARN_OBJC_IMPLICIT_RETAIN_SELF = YES;
				CLANG_WARN_OBJC_LITERAL_CONVERSION = YES;
				CLANG_WARN_OBJC_ROOT_CLASS = YES_ERROR;
				CLANG_WARN_RANGE_LOOP_ANALYSIS = YES;
				CLANG_WARN_STRICT_PROTOTYPES = YES;
				CLANG_WARN_SUSPICIOUS_MOVE = YES;
				CLANG_WARN_UNGUARDED_AVAILABILITY = YES_AGGRESSIVE;
				CLANG_WARN_UNREACHABLE_CODE = YES;
				CLANG_WARN__DUPLICATE_METHOD_MATCH = YES;
				CODE_SIGN_IDENTITY = "iPhone Developer";
				COPY_PHASE_STRIP = NO;
				DEBUG_INFORMATION_FORMAT = dwarf;
				ENABLE_STRICT_OBJC_MSGSEND = YES;
				ENABLE_TESTABILITY = YES;
				GCC_C_LANGUAGE_STANDARD = gnu11;
				GCC_DYNAMIC_NO_PIC = NO;
				GCC_NO_COMMON_BLOCKS = YES;
				GCC_OPTIMIZATION_LEVEL = 0;
				GCC_PREPROCESSOR_DEFINITIONS = (
					"DEBUG=1",
					"$(inherited)",
				);
				GCC_WARN_64_TO_32_BIT_CONVERSION = YES;
				GCC_WARN_ABOUT_RETURN_TYPE = YES_ERROR;
				GCC_WARN_UNDECLARED_SELECTOR = YES;
				GCC_WARN_UNINITIALIZED_AUTOS = YES_AGGRESSIVE;
				GCC_WARN_UNUSED_FUNCTION = YES;
				GCC_WARN_UNUSED_VARIABLE = YES;
				IPHONEOS_DEPLOYMENT_TARGET = 12.0;
				MTL_ENABLE_DEBUG_INFO = INCLUDE_SOURCE;
				MTL_FAST_MATH = YES;
				ONLY_ACTIVE_ARCH = YES;
				SDKROOT = iphoneos;
				SWIFT_ACTIVE_COMPILATION_CONDITIONS = DEBUG;
				SWIFT_OPTIMIZATION_LEVEL = "-Onone";
			};
			name = Debug;
		};
		5ED21FF6216EF26F00BA439D /* Release */ = {
			isa = XCBuildConfiguration;
			buildSettings = {
				ALWAYS_SEARCH_USER_PATHS = NO;
				CLANG_ANALYZER_NONNULL = YES;
				CLANG_ANALYZER_NUMBER_OBJECT_CONVERSION = YES_AGGRESSIVE;
				CLANG_CXX_LANGUAGE_STANDARD = "gnu++14";
				CLANG_CXX_LIBRARY = "libc++";
				CLANG_ENABLE_MODULES = YES;
				CLANG_ENABLE_OBJC_ARC = YES;
				CLANG_ENABLE_OBJC_WEAK = YES;
				CLANG_WARN_BLOCK_CAPTURE_AUTORELEASING = YES;
				CLANG_WARN_BOOL_CONVERSION = YES;
				CLANG_WARN_COMMA = YES;
				CLANG_WARN_CONSTANT_CONVERSION = YES;
				CLANG_WARN_DEPRECATED_OBJC_IMPLEMENTATIONS = YES;
				CLANG_WARN_DIRECT_OBJC_ISA_USAGE = YES_ERROR;
				CLANG_WARN_DOCUMENTATION_COMMENTS = YES;
				CLANG_WARN_EMPTY_BODY = YES;
				CLANG_WARN_ENUM_CONVERSION = YES;
				CLANG_WARN_INFINITE_RECURSION = YES;
				CLANG_WARN_INT_CONVERSION = YES;
				CLANG_WARN_NON_LITERAL_NULL_CONVERSION = YES;
				CLANG_WARN_OBJC_IMPLICIT_RETAIN_SELF = YES;
				CLANG_WARN_OBJC_LITERAL_CONVERSION = YES;
				CLANG_WARN_OBJC_ROOT_CLASS = YES_ERROR;
				CLANG_WARN_RANGE_LOOP_ANALYSIS = YES;
				CLANG_WARN_STRICT_PROTOTYPES = YES;
				CLANG_WARN_SUSPICIOUS_MOVE = YES;
				CLANG_WARN_UNGUARDED_AVAILABILITY = YES_AGGRESSIVE;
				CLANG_WARN_UNREACHABLE_CODE = YES;
				CLANG_WARN__DUPLICATE_METHOD_MATCH = YES;
				CODE_SIGN_IDENTITY = "iPhone Developer";
				COPY_PHASE_STRIP = NO;
				DEBUG_INFORMATION_FORMAT = "dwarf-with-dsym";
				ENABLE_NS_ASSERTIONS = NO;
				ENABLE_STRICT_OBJC_MSGSEND = YES;
				GCC_C_LANGUAGE_STANDARD = gnu11;
				GCC_NO_COMMON_BLOCKS = YES;
				GCC_WARN_64_TO_32_BIT_CONVERSION = YES;
				GCC_WARN_ABOUT_RETURN_TYPE = YES_ERROR;
				GCC_WARN_UNDECLARED_SELECTOR = YES;
				GCC_WARN_UNINITIALIZED_AUTOS = YES_AGGRESSIVE;
				GCC_WARN_UNUSED_FUNCTION = YES;
				GCC_WARN_UNUSED_VARIABLE = YES;
				IPHONEOS_DEPLOYMENT_TARGET = 12.0;
				MTL_ENABLE_DEBUG_INFO = NO;
				MTL_FAST_MATH = YES;
				SDKROOT = iphoneos;
				SWIFT_COMPILATION_MODE = wholemodule;
				SWIFT_OPTIMIZATION_LEVEL = "-O";
				VALIDATE_PRODUCT = YES;
			};
			name = Release;
		};
		5ED21FF8216EF26F00BA439D /* Debug */ = {
			isa = XCBuildConfiguration;
			baseConfigurationReference = A83F52BDF9D5FC1937D11158 /* Pods-Smack.debug.xcconfig */;
			buildSettings = {
				ASSETCATALOG_COMPILER_APPICON_NAME = AppIcon;
				CLANG_ENABLE_MODULES = YES;
				CODE_SIGN_STYLE = Automatic;
				DEVELOPMENT_TEAM = AWHG54D99Q;
				INFOPLIST_FILE = Smack/Info.plist;
				LD_RUNPATH_SEARCH_PATHS = (
					"$(inherited)",
					"@executable_path/Frameworks",
				);
				PRODUCT_BUNDLE_IDENTIFIER = ZachCervi.Smack;
				PRODUCT_NAME = "$(TARGET_NAME)";
				SWIFT_OBJC_BRIDGING_HEADER = "Smack/Supporting Files/Smack-Bridging-Header.h";
				SWIFT_OPTIMIZATION_LEVEL = "-Onone";
				SWIFT_VERSION = 4.2;
				TARGETED_DEVICE_FAMILY = "1,2";
			};
			name = Debug;
		};
		5ED21FF9216EF26F00BA439D /* Release */ = {
			isa = XCBuildConfiguration;
			baseConfigurationReference = B5C741392D92E553EE5DC96C /* Pods-Smack.release.xcconfig */;
			buildSettings = {
				ASSETCATALOG_COMPILER_APPICON_NAME = AppIcon;
				CLANG_ENABLE_MODULES = YES;
				CODE_SIGN_STYLE = Automatic;
				DEVELOPMENT_TEAM = AWHG54D99Q;
				INFOPLIST_FILE = Smack/Info.plist;
				LD_RUNPATH_SEARCH_PATHS = (
					"$(inherited)",
					"@executable_path/Frameworks",
				);
				PRODUCT_BUNDLE_IDENTIFIER = ZachCervi.Smack;
				PRODUCT_NAME = "$(TARGET_NAME)";
				SWIFT_OBJC_BRIDGING_HEADER = "Smack/Supporting Files/Smack-Bridging-Header.h";
				SWIFT_VERSION = 4.2;
				TARGETED_DEVICE_FAMILY = "1,2";
			};
			name = Release;
		};
/* End XCBuildConfiguration section */

/* Begin XCConfigurationList section */
		5ED21FE0216EF26E00BA439D /* Build configuration list for PBXProject "Smack" */ = {
			isa = XCConfigurationList;
			buildConfigurations = (
				5ED21FF5216EF26F00BA439D /* Debug */,
				5ED21FF6216EF26F00BA439D /* Release */,
			);
			defaultConfigurationIsVisible = 0;
			defaultConfigurationName = Release;
		};
		5ED21FF7216EF26F00BA439D /* Build configuration list for PBXNativeTarget "Smack" */ = {
			isa = XCConfigurationList;
			buildConfigurations = (
				5ED21FF8216EF26F00BA439D /* Debug */,
				5ED21FF9216EF26F00BA439D /* Release */,
			);
			defaultConfigurationIsVisible = 0;
			defaultConfigurationName = Release;
		};
/* End XCConfigurationList section */
	};
	rootObject = 5ED21FDD216EF26E00BA439D /* Project object */;
}
